
Microsoft Visual Studio Solution File, Format Version 12.00
# Visual Studio 2013
VisualStudioVersion = 12.0.40629.0
MinimumVisualStudioVersion = 10.0.40219.1
Project("{8BC9CEB8-8B4A-11D0-8D11-00A0C91BC942}") = "CNTMC_Project", "CNTMC_Project\CNTMC_Project.vcxproj", "{09B5101F-4822-4F69-A249-D72FC46277BB}"
EndProject
Project("{6141683F-8A12-4E36-9623-2EB02B2C2303}") = "CNTMC_Installer", "CNTMC_Installer\CNTMC_Installer.isproj", "{CB26BDE7-5565-4BC3-8993-39B88F385B33}"
	ProjectSection(ProjectDependencies) = postProject
		{09B5101F-4822-4F69-A249-D72FC46277BB} = {09B5101F-4822-4F69-A249-D72FC46277BB}
	EndProjectSection
EndProject
Global
	GlobalSection(SolutionConfigurationPlatforms) = preSolution
		CD_ROM|Win32 = CD_ROM|Win32
		CD_ROM|x64 = CD_ROM|x64
		Debug|Win32 = Debug|Win32
		Debug|x64 = Debug|x64
		DVD-5|Win32 = DVD-5|Win32
		DVD-5|x64 = DVD-5|x64
		Release|Win32 = Release|Win32
		Release|x64 = Release|x64
		SingleImage|Win32 = SingleImage|Win32
		SingleImage|x64 = SingleImage|x64
	EndGlobalSection
	GlobalSection(ProjectConfigurationPlatforms) = postSolution
		{09B5101F-4822-4F69-A249-D72FC46277BB}.CD_ROM|Win32.ActiveCfg = Release|Win32
		{09B5101F-4822-4F69-A249-D72FC46277BB}.CD_ROM|Win32.Build.0 = Release|Win32
		{09B5101F-4822-4F69-A249-D72FC46277BB}.CD_ROM|x64.ActiveCfg = Release|x64
		{09B5101F-4822-4F69-A249-D72FC46277BB}.CD_ROM|x64.Build.0 = Release|x64
		{09B5101F-4822-4F69-A249-D72FC46277BB}.Debug|Win32.ActiveCfg = Debug|Win32
		{09B5101F-4822-4F69-A249-D72FC46277BB}.Debug|Win32.Build.0 = Debug|Win32
		{09B5101F-4822-4F69-A249-D72FC46277BB}.Debug|x64.ActiveCfg = Debug|x64
		{09B5101F-4822-4F69-A249-D72FC46277BB}.Debug|x64.Build.0 = Debug|x64
		{09B5101F-4822-4F69-A249-D72FC46277BB}.DVD-5|Win32.ActiveCfg = Debug|Win32
		{09B5101F-4822-4F69-A249-D72FC46277BB}.DVD-5|Win32.Build.0 = Debug|Win32
		{09B5101F-4822-4F69-A249-D72FC46277BB}.DVD-5|x64.ActiveCfg = Debug|x64
		{09B5101F-4822-4F69-A249-D72FC46277BB}.DVD-5|x64.Build.0 = Debug|x64
		{09B5101F-4822-4F69-A249-D72FC46277BB}.Release|Win32.ActiveCfg = Release|Win32
		{09B5101F-4822-4F69-A249-D72FC46277BB}.Release|Win32.Build.0 = Release|Win32
		{09B5101F-4822-4F69-A249-D72FC46277BB}.Release|x64.ActiveCfg = Release|x64
		{09B5101F-4822-4F69-A249-D72FC46277BB}.Release|x64.Build.0 = Release|x64
		{09B5101F-4822-4F69-A249-D72FC46277BB}.SingleImage|Win32.ActiveCfg = Release|Win32
		{09B5101F-4822-4F69-A249-D72FC46277BB}.SingleImage|Win32.Build.0 = Release|Win32
		{09B5101F-4822-4F69-A249-D72FC46277BB}.SingleImage|x64.ActiveCfg = Release|x64
		{09B5101F-4822-4F69-A249-D72FC46277BB}.SingleImage|x64.Build.0 = Release|x64
		{CB26BDE7-5565-4BC3-8993-39B88F385B33}.CD_ROM|Win32.ActiveCfg = CD_ROM
		{CB26BDE7-5565-4BC3-8993-39B88F385B33}.CD_ROM|Win32.Build.0 = CD_ROM
		{CB26BDE7-5565-4BC3-8993-39B88F385B33}.CD_ROM|x64.ActiveCfg = CD_ROM
		{CB26BDE7-5565-4BC3-8993-39B88F385B33}.CD_ROM|x64.Build.0 = CD_ROM
		{CB26BDE7-5565-4BC3-8993-39B88F385B33}.Debug|Win32.ActiveCfg = DVD-5
		{CB26BDE7-5565-4BC3-8993-39B88F385B33}.Debug|Win32.Build.0 = DVD-5
		{CB26BDE7-5565-4BC3-8993-39B88F385B33}.Debug|x64.ActiveCfg = DVD-5
		{CB26BDE7-5565-4BC3-8993-39B88F385B33}.Debug|x64.Build.0 = DVD-5
		{CB26BDE7-5565-4BC3-8993-39B88F385B33}.DVD-5|Win32.ActiveCfg = DVD-5
		{CB26BDE7-5565-4BC3-8993-39B88F385B33}.DVD-5|Win32.Build.0 = DVD-5
		{CB26BDE7-5565-4BC3-8993-39B88F385B33}.DVD-5|x64.ActiveCfg = DVD-5
		{CB26BDE7-5565-4BC3-8993-39B88F385B33}.DVD-5|x64.Build.0 = DVD-5
		{CB26BDE7-5565-4BC3-8993-39B88F385B33}.Release|Win32.ActiveCfg = SingleImage
		{CB26BDE7-5565-4BC3-8993-39B88F385B33}.Release|Win32.Build.0 = SingleImage
		{CB26BDE7-5565-4BC3-8993-39B88F385B33}.Release|x64.ActiveCfg = SingleImage
		{CB26BDE7-5565-4BC3-8993-39B88F385B33}.Release|x64.Build.0 = SingleImage
		{CB26BDE7-5565-4BC3-8993-39B88F385B33}.SingleImage|Win32.ActiveCfg = SingleImage
		{CB26BDE7-5565-4BC3-8993-39B88F385B33}.SingleImage|Win32.Build.0 = SingleImage
		{CB26BDE7-5565-4BC3-8993-39B88F385B33}.SingleImage|x64.ActiveCfg = SingleImage
		{CB26BDE7-5565-4BC3-8993-39B88F385B33}.SingleImage|x64.Build.0 = SingleImage
	EndGlobalSection
	GlobalSection(SolutionProperties) = preSolution
		HideSolutionNode = FALSE
	EndGlobalSection
EndGlobal
